
Microsoft Visual Studio Solution File, Format Version 12.00
# Visual Studio 15
VisualStudioVersion = 15.0.27428.2002
MinimumVisualStudioVersion = 10.0.40219.1
Project("{FAE04EC0-301F-11D3-BF4B-00C04F79EFBC}") = "moshEF1", "moshEF1\moshEF1.csproj", "{732754DB-F2E3-49E6-BFC0-A1E9BCAD6F9B}"
EndProject
Global
	GlobalSection(SolutionConfigurationPlatforms) = preSolution
		Debug|Any CPU = Debug|Any CPU
		Release|Any CPU = Release|Any CPU
	EndGlobalSection
	GlobalSection(ProjectConfigurationPlatforms) = postSolution
		{732754DB-F2E3-49E6-BFC0-A1E9BCAD6F9B}.Debug|Any CPU.ActiveCfg = Debug|Any CPU
		{732754DB-F2E3-49E6-BFC0-A1E9BCAD6F9B}.Debug|Any CPU.Build.0 = Debug|Any CPU
		{732754DB-F2E3-49E6-BFC0-A1E9BCAD6F9B}.Release|Any CPU.ActiveCfg = Release|Any CPU
		{732754DB-F2E3-49E6-BFC0-A1E9BCAD6F9B}.Release|Any CPU.Build.0 = Release|Any CPU
	EndGlobalSection
	GlobalSection(SolutionProperties) = preSolution
		HideSolutionNode = FALSE
	EndGlobalSection
	GlobalSection(ExtensibilityGlobals) = postSolution
		SolutionGuid = {D43883D1-4221-43D5-8684-A107AD1F37A8}
	EndGlobalSection
EndGlobal
